
Microsoft Visual Studio Solution File, Format Version 12.00
# Visual Studio Version 17
VisualStudioVersion = 17.13.35818.85
MinimumVisualStudioVersion = 10.0.40219.1
Project("{FAE04EC0-301F-11D3-BF4B-00C04F79EFBC}") = "BlazorDemo", "BlazorDemo\BlazorDemo\BlazorDemo.csproj", "{47EF26F5-524A-4E0E-AF85-554A0E66AAEC}"
EndProject
Project("{FAE04EC0-301F-11D3-BF4B-00C04F79EFBC}") = "BlazorDemo.Client", "BlazorDemo\BlazorDemo.Client\BlazorDemo.Client.csproj", "{15EADD46-B7E9-40E9-AA7E-9BF41838E62A}"
EndProject
Global
	GlobalSection(SolutionConfigurationPlatforms) = preSolution
		Debug|Any CPU = Debug|Any CPU
		Release|Any CPU = Release|Any CPU
	EndGlobalSection
	GlobalSection(ProjectConfigurationPlatforms) = postSolution
		{47EF26F5-524A-4E0E-AF85-554A0E66AAEC}.Debug|Any CPU.ActiveCfg = Debug|Any CPU
		{47EF26F5-524A-4E0E-AF85-554A0E66AAEC}.Debug|Any CPU.Build.0 = Debug|Any CPU
		{47EF26F5-524A-4E0E-AF85-554A0E66AAEC}.Release|Any CPU.ActiveCfg = Release|Any CPU
		{47EF26F5-524A-4E0E-AF85-554A0E66AAEC}.Release|Any CPU.Build.0 = Release|Any CPU
		{15EADD46-B7E9-40E9-AA7E-9BF41838E62A}.Debug|Any CPU.ActiveCfg = Debug|Any CPU
		{15EADD46-B7E9-40E9-AA7E-9BF41838E62A}.Debug|Any CPU.Build.0 = Debug|Any CPU
		{15EADD46-B7E9-40E9-AA7E-9BF41838E62A}.Release|Any CPU.ActiveCfg = Release|Any CPU
		{15EADD46-B7E9-40E9-AA7E-9BF41838E62A}.Release|Any CPU.Build.0 = Release|Any CPU
	EndGlobalSection
	GlobalSection(SolutionProperties) = preSolution
		HideSolutionNode = FALSE
	EndGlobalSection
	GlobalSection(ExtensibilityGlobals) = postSolution
		SolutionGuid = {CEE12074-5BF9-4201-8CA0-531A0B0CCFB8}
	EndGlobalSection
EndGlobal
